
Microsoft Visual Studio Solution File, Format Version 12.00
# Visual Studio Version 17
VisualStudioVersion = 17.9.34622.214
MinimumVisualStudioVersion = 10.0.40219.1
Project("{9A19103F-16F7-4668-BE54-9A1E7A4F7556}") = "NetCoreDemo", "NetCoreDemo.csproj", "{F0E57B8E-58C6-4A60-8A70-649075CB19EB}"
EndProject
Global
	GlobalSection(SolutionConfigurationPlatforms) = preSolution
		Debug|Any CPU = Debug|Any CPU
		Release|Any CPU = Release|Any CPU
	EndGlobalSection
	GlobalSection(ProjectConfigurationPlatforms) = postSolution
		{F0E57B8E-58C6-4A60-8A70-649075CB19EB}.Debug|Any CPU.ActiveCfg = Debug|Any CPU
		{F0E57B8E-58C6-4A60-8A70-649075CB19EB}.Debug|Any CPU.Build.0 = Debug|Any CPU
		{F0E57B8E-58C6-4A60-8A70-649075CB19EB}.Release|Any CPU.ActiveCfg = Release|Any CPU
		{F0E57B8E-58C6-4A60-8A70-649075CB19EB}.Release|Any CPU.Build.0 = Release|Any CPU
	EndGlobalSection
	GlobalSection(SolutionProperties) = preSolution
		HideSolutionNode = FALSE
	EndGlobalSection
	GlobalSection(ExtensibilityGlobals) = postSolution
		SolutionGuid = {5A0D4238-2FB6-4A64-9E6A-1BD0B2BEFF4F}
	EndGlobalSection
EndGlobal
